
Microsoft Visual Studio Solution File, Format Version 12.00
# Visual Studio Version 17
VisualStudioVersion = 17.5.33516.290
MinimumVisualStudioVersion = 10.0.40219.1
Project("{FAE04EC0-301F-11D3-BF4B-00C04F79EFBC}") = "URLShortnerAPI", "URLShortnerAPI\URLShortnerAPI.csproj", "{0A1941CB-8E48-4354-B3E6-C005AFF10CED}"
EndProject
Project("{FAE04EC0-301F-11D3-BF4B-00C04F79EFBC}") = "URLShortnerDBManager", "URLShortnerDBManager\URLShortnerDBManager.csproj", "{623AEDA4-C55D-425F-BC05-5C7577C9CE82}"
EndProject
Global
	GlobalSection(SolutionConfigurationPlatforms) = preSolution
		Debug|Any CPU = Debug|Any CPU
		Release|Any CPU = Release|Any CPU
	EndGlobalSection
	GlobalSection(ProjectConfigurationPlatforms) = postSolution
		{0A1941CB-8E48-4354-B3E6-C005AFF10CED}.Debug|Any CPU.ActiveCfg = Debug|Any CPU
		{0A1941CB-8E48-4354-B3E6-C005AFF10CED}.Debug|Any CPU.Build.0 = Debug|Any CPU
		{0A1941CB-8E48-4354-B3E6-C005AFF10CED}.Release|Any CPU.ActiveCfg = Release|Any CPU
		{0A1941CB-8E48-4354-B3E6-C005AFF10CED}.Release|Any CPU.Build.0 = Release|Any CPU
		{623AEDA4-C55D-425F-BC05-5C7577C9CE82}.Debug|Any CPU.ActiveCfg = Debug|Any CPU
		{623AEDA4-C55D-425F-BC05-5C7577C9CE82}.Debug|Any CPU.Build.0 = Debug|Any CPU
		{623AEDA4-C55D-425F-BC05-5C7577C9CE82}.Release|Any CPU.ActiveCfg = Release|Any CPU
		{623AEDA4-C55D-425F-BC05-5C7577C9CE82}.Release|Any CPU.Build.0 = Release|Any CPU
	EndGlobalSection
	GlobalSection(SolutionProperties) = preSolution
		HideSolutionNode = FALSE
	EndGlobalSection
	GlobalSection(ExtensibilityGlobals) = postSolution
		SolutionGuid = {61D0E0DB-5848-4020-93A8-B1B8FFF93E9B}
	EndGlobalSection
EndGlobal
